{
  "version": "5",
  "specifiers": {
    "npm:@ai-sdk/anthropic@3": "3.0.103_zod@3.25.76",
    "npm:@ai-sdk/google@3": "3.0.102_zod@3.25.76",
    "npm:@ai-sdk/klingai@*": "4.0.16_zod@3.25.76",
    "npm:@supabase/supabase-js@2": "2.111.0",
    "npm:ai@6": "6.0.237_zod@3.25.76",
    "npm:zod@3": "3.25.76"
  },
  "npm": {
    "@ai-sdk/anthropic@3.0.103_zod@3.25.76": {
      "integrity": "sha512-aefFtdBHYowKccDaQdf2hX6kvIiqeShaOAPo3DujsaGH7m8lSW5GficJOhMCXpPBBv+4lZnEWrnIIyV5YeouDw==",
      "dependencies": [
        "@ai-sdk/provider@3.0.14",
        "@ai-sdk/provider-utils@4.0.40_zod@3.25.76",
        "zod"
      ]
    },
    "@ai-sdk/gateway@3.0.159_zod@3.25.76": {
      "integrity": "sha512-BJ1SMVpD2Qie/OVmQho1b1wb8rcGYC38p2D20MyP0+zUGBlXJOMfq1zP97+tl1oyT1u/A84R+oaYrUT18dIdWg==",
      "dependencies": [
        "@ai-sdk/provider@3.0.14",
        "@ai-sdk/provider-utils@4.0.40_zod@3.25.76",
        "@vercel/oidc",
        "zod"
      ]
    },
    "@ai-sdk/google@3.0.102_zod@3.25.76": {
      "integrity": "sha512-RFdIMqeVF2DsGQdf30/EwW+zeRSte2+3VrRrm3jxfpWKY3bjTao6J+4qRG4V8/MD028Mb6oJthGb4g53GRQ1Cg==",
      "dependencies": [
        "@ai-sdk/provider@3.0.14",
        "@ai-sdk/provider-utils@4.0.40_zod@3.25.76",
        "zod"
      ]
    },
    "@ai-sdk/klingai@4.0.16_zod@3.25.76": {
      "integrity": "sha512-xO+7JrP3nw6zY6UBQZsiaoFt86OtFnZn9xwQLBOyu+KbQJowBJ0XnB3vdvVolRkO72VQik2SdToqrPv6pJHR5g==",
      "dependencies": [
        "@ai-sdk/provider@4.0.4",
        "@ai-sdk/provider-utils@5.0.14_zod@3.25.76",
        "zod"
      ]
    },
    "@ai-sdk/provider-utils@4.0.40_zod@3.25.76": {
      "integrity": "sha512-OL5IrpUm9Y8Dwy+w/vvFwPotS6m52O9W0op2oXgXdCROMJIBalBI0oro6OIBYkPxvm5Xg02GSkoQN25RlR0bnw==",
      "dependencies": [
        "@ai-sdk/provider@3.0.14",
        "@standard-schema/spec",
        "eventsource-parser",
        "zod"
      ]
    },
    "@ai-sdk/provider-utils@5.0.14_zod@3.25.76": {
      "integrity": "sha512-HW+Ys98cr2BRQzP6jTlp2bRKIqt+oAjYNLm9gqUUQkLz7QERtaPgDZOoXHz9IXSXoOtz175p4Q17qKQdEX0Hag==",
      "dependencies": [
        "@ai-sdk/provider@4.0.4",
        "@standard-schema/spec",
        "@workflow/serde",
        "eventsource-parser",
        "zod"
      ]
    },
    "@ai-sdk/provider@3.0.14": {
      "integrity": "sha512-5X1k57JBJ4H7H1QjX7CnJYAB1I19r/trVZTMcSms7/kLNZ8RaU4Nt2agcwZzv82Hfx6Q7/TOLU7agAKeFfc8cA==",
      "dependencies": [
        "json-schema"
      ]
    },
    "@ai-sdk/provider@4.0.4": {
      "integrity": "sha512-tbHKNLirllUNF3ZlkCsXnwab2ZV1Sl4b1H/Cp9ruCce15IBmskE8Gwkk0yo9xDWY+jho2of7lVXtwSsyrq7cwQ==",
      "dependencies": [
        "json-schema"
      ]
    },
    "@opentelemetry/api@1.9.1": {
      "integrity": "sha512-gLyJlPHPZYdAk1JENA9LeHejZe1Ti77/pTeFm/nMXmQH/HFZlcS/O2XJB+L8fkbrNSqhdtlvjBVjxwUYanNH5Q=="
    },
    "@standard-schema/spec@1.1.0": {
      "integrity": "sha512-l2aFy5jALhniG5HgqrD6jXLi/rUWrKvqN/qJx6yoJsgKhblVd+iqqU4RCXavm/jPityDo5TCvKMnpjKnOriy0w=="
    },
    "@supabase/auth-js@2.111.0": {
      "integrity": "sha512-hbRLgyQZEX0SDyF4LYXpv94qOIQyFATfpT5SIs2V0SisHnisVRkYgiPQWzv80l4S2mO3qof78rmoH9j5zoFsYQ==",
      "dependencies": [
        "tslib"
      ]
    },
    "@supabase/functions-js@2.111.0": {
      "integrity": "sha512-RW/OCsd6MO592zU8ifzP8/f8XzxxIdpb+Up5XaOtE26Fw+3zTp475WX7+GuuktiD1WF8pFUDe6khUPbMp77RCw==",
      "dependencies": [
        "tslib"
      ]
    },
    "@supabase/phoenix@0.4.5": {
      "integrity": "sha512-aAn9H9ovVyeApKy11OWOrrOGq8DV68yWeH4ud2lN9fzn4aO8Zb5GLL9m1pUg9nLqIcT+ZDfAcsZe0E/nqdv2lw=="
    },
    "@supabase/postgrest-js@2.111.0": {
      "integrity": "sha512-pcqeDsnWP0lx9GawduYxNZJHeuTm53O7L0SC8RF8tniV3GWIPY6me6OTdnwzdwNUmNy1dzUVtSyIfE6+OflzPQ==",
      "dependencies": [
        "tslib"
      ]
    },
    "@supabase/realtime-js@2.111.0": {
      "integrity": "sha512-6oRf/vZyRwg8f8GbFSJkrD2w4HAu/yTvyMViHXHS+H5hNJzdXCrUR7cP5oW7daT3YlRnzRPY9LcGSJKZAmfMSg==",
      "dependencies": [
        "@supabase/phoenix",
        "tslib"
      ]
    },
    "@supabase/storage-js@2.111.0": {
      "integrity": "sha512-UEViNmTzVOxE8dqUA81wls+n9xgmlvSFfhfwo6QxrO4kQOytCYyw3ciYFoi4XoD4Jl95NJ3jnndHN5iIudWzqw==",
      "dependencies": [
        "iceberg-js",
        "tslib"
      ]
    },
    "@supabase/supabase-js@2.111.0": {
      "integrity": "sha512-9q0/AULthQnWeiDh1vGyjoJZbSY04bu6qHcWit70pqEYn5Kv/dkCPY62Ja1123jEnJbB9Vd2pjY7Kvk/lK3peA==",
      "dependencies": [
        "@supabase/auth-js",
        "@supabase/functions-js",
        "@supabase/postgrest-js",
        "@supabase/realtime-js",
        "@supabase/storage-js"
      ]
    },
    "@vercel/oidc@3.2.0": {
      "integrity": "sha512-UycprH3T6n3jH0k44NHMa7pnFHGu/N05MjojYr+Mc6I7obkoLIJujSWwin1pCvdy/eOxrI/l3uDLQsmcrOb4ug=="
    },
    "@workflow/serde@4.1.0": {
      "integrity": "sha512-pav4F2BoirECWR7Nf1TKt+2eETcBj7jj4cBefQ8VXQCA6NPkaKeLfj/zMgi+3zYV5ZIBT4GuUiphsj0/b9hPQQ=="
    },
    "ai@6.0.237_zod@3.25.76": {
      "integrity": "sha512-TdiKxGoYrKQyaN6fkk1WRxA+XSQ8nO3LZo/QVnJsME54bMuddXqzJ4KrJozF5/czHfJ5BmgHJ4mJmGqRZHX3Hw==",
      "dependencies": [
        "@ai-sdk/gateway",
        "@ai-sdk/provider@3.0.14",
        "@ai-sdk/provider-utils@4.0.40_zod@3.25.76",
        "@opentelemetry/api",
        "zod"
      ]
    },
    "eventsource-parser@3.1.0": {
      "integrity": "sha512-kJezFj9YFAMLeORyi7aCLxLbD5/qWMQnoMVlVPyHIll7lgRJCc3JVln9Vgl9nwQi0YkMnhdGTMNn7CkRRAptMg=="
    },
    "iceberg-js@0.8.1": {
      "integrity": "sha512-1dhVQZXhcHje7798IVM+xoo/1ZdVfzOMIc8/rgVSijRK38EDqOJoGula9N/8ZI5RD8QTxNQtK/Gozpr+qUqRRA=="
    },
    "json-schema@0.4.0": {
      "integrity": "sha512-es94M3nTIfsEPisRafak+HDLfHXnKBhV3vU5eqPcS3flIWqcxJWgXHXiey3YrpaNsanY5ei1VoYEbOzijuq9BA=="
    },
    "tslib@2.8.1": {
      "integrity": "sha512-oJFu94HQb+KVduSUQL7wnpmqnfmLsOA/nAh6b6EH0wCEoK0/mPeXU6c3wKDV83MkOuHPRHtSXKKU99IBazS/2w=="
    },
    "zod@3.25.76": {
      "integrity": "sha512-gzUt/qt81nXsFGKIFcC3YnfEAx5NkunCfnDlvuBSSFS02bcXu4Lmea0AFIUwbLWxWPx3d9p8S5QoaujKcNQxcQ=="
    }
  },
  "workspace": {
    "dependencies": [
      "npm:@supabase/supabase-js@2"
    ]
  }
}
